
Microsoft Visual Studio Solution File, Format Version 12.00
# Visual Studio Version 17
VisualStudioVersion = 17.0.32112.339
MinimumVisualStudioVersion = 10.0.40219.1
Project("{FAE04EC0-301F-11D3-BF4B-00C04F79EFBC}") = "CSharpServer", "CSharpServer\CSharpServer.csproj", "{D5D5BE2C-2F1F-4C86-A384-C4E5F21D1698}"
EndProject
Global
	GlobalSection(SolutionConfigurationPlatforms) = preSolution
		Debug|Any CPU = Debug|Any CPU
		Release|Any CPU = Release|Any CPU
	EndGlobalSection
	GlobalSection(ProjectConfigurationPlatforms) = postSolution
		{D5D5BE2C-2F1F-4C86-A384-C4E5F21D1698}.Debug|Any CPU.ActiveCfg = Debug|Any CPU
		{D5D5BE2C-2F1F-4C86-A384-C4E5F21D1698}.Debug|Any CPU.Build.0 = Debug|Any CPU
		{D5D5BE2C-2F1F-4C86-A384-C4E5F21D1698}.Release|Any CPU.ActiveCfg = Release|Any CPU
		{D5D5BE2C-2F1F-4C86-A384-C4E5F21D1698}.Release|Any CPU.Build.0 = Release|Any CPU
	EndGlobalSection
	GlobalSection(SolutionProperties) = preSolution
		HideSolutionNode = FALSE
	EndGlobalSection
	GlobalSection(ExtensibilityGlobals) = postSolution
		SolutionGuid = {4C0437B6-92A2-426C-9429-CD066431B0DC}
	EndGlobalSection
EndGlobal
